
Microsoft Visual Studio Solution File, Format Version 12.00
# Visual Studio Version 17
VisualStudioVersion = 17.8.34330.188
MinimumVisualStudioVersion = 10.0.40219.1
Project("{FAE04EC0-301F-11D3-BF4B-00C04F79EFBC}") = "FebSec10Prj", "FebSec10Prj\FebSec10Prj.csproj", "{BADDD8F5-261E-4F97-8480-9E4C1DC4D607}"
EndProject
Global
	GlobalSection(SolutionConfigurationPlatforms) = preSolution
		Debug|Any CPU = Debug|Any CPU
		Release|Any CPU = Release|Any CPU
	EndGlobalSection
	GlobalSection(ProjectConfigurationPlatforms) = postSolution
		{BADDD8F5-261E-4F97-8480-9E4C1DC4D607}.Debug|Any CPU.ActiveCfg = Debug|Any CPU
		{BADDD8F5-261E-4F97-8480-9E4C1DC4D607}.Debug|Any CPU.Build.0 = Debug|Any CPU
		{BADDD8F5-261E-4F97-8480-9E4C1DC4D607}.Release|Any CPU.ActiveCfg = Release|Any CPU
		{BADDD8F5-261E-4F97-8480-9E4C1DC4D607}.Release|Any CPU.Build.0 = Release|Any CPU
	EndGlobalSection
	GlobalSection(SolutionProperties) = preSolution
		HideSolutionNode = FALSE
	EndGlobalSection
	GlobalSection(ExtensibilityGlobals) = postSolution
		SolutionGuid = {75BFE7FA-6EEB-409D-B233-E4A170D161C5}
	EndGlobalSection
EndGlobal
